
Microsoft Visual Studio Solution File, Format Version 12.00
# Visual Studio Version 16
VisualStudioVersion = 16.0.31624.102
MinimumVisualStudioVersion = 10.0.40219.1
Project("{FAE04EC0-301F-11D3-BF4B-00C04F79EFBC}") = "Practica lll", "Practica lll\Practica lll.csproj", "{A7BF7919-DDAD-4B8A-A3AC-1CF1A9A541E9}"
EndProject
Global
	GlobalSection(SolutionConfigurationPlatforms) = preSolution
		Debug|Any CPU = Debug|Any CPU
		Release|Any CPU = Release|Any CPU
	EndGlobalSection
	GlobalSection(ProjectConfigurationPlatforms) = postSolution
		{A7BF7919-DDAD-4B8A-A3AC-1CF1A9A541E9}.Debug|Any CPU.ActiveCfg = Debug|Any CPU
		{A7BF7919-DDAD-4B8A-A3AC-1CF1A9A541E9}.Debug|Any CPU.Build.0 = Debug|Any CPU
		{A7BF7919-DDAD-4B8A-A3AC-1CF1A9A541E9}.Release|Any CPU.ActiveCfg = Release|Any CPU
		{A7BF7919-DDAD-4B8A-A3AC-1CF1A9A541E9}.Release|Any CPU.Build.0 = Release|Any CPU
	EndGlobalSection
	GlobalSection(SolutionProperties) = preSolution
		HideSolutionNode = FALSE
	EndGlobalSection
	GlobalSection(ExtensibilityGlobals) = postSolution
		SolutionGuid = {01E13B91-ADA4-4D3A-8665-3C8B12DECB91}
	EndGlobalSection
EndGlobal
